{
  "name": "todo timer",
  "version": "2.1",
  "lockfileVersion": 2,
  "requires": true,
  "packages": {
    "": {
      "name": "todo timer",
      "version": "2.1",
      "license": "ISC",
      "dependencies": {
        "uview-ui": "^1.8.4",
        "vue-awesome-countdown": "^1.1.4"
      }
    },
    "node_modules/uview-ui": {
      "version": "1.8.4",
      "resolved": "https://registry.npmjs.org/uview-ui/-/uview-ui-1.8.4.tgz",
      "integrity": "sha512-Zr+D5dFdNy6CdHQLBEXeGq/w0LkjxzBtsgaaDwLl0P58g67H7fBBDvy6AzWK/k0c7dwPYMBiK7I4Tr9p92+0DA=="
    },
    "node_modules/vue-awesome-countdown": {
      "version": "1.1.4",
      "resolved": "https://registry.npmjs.org/vue-awesome-countdown/-/vue-awesome-countdown-1.1.4.tgz",
      "integrity": "sha512-joc59fMzEoOMqJZnmqRDD8ROcT+LfanqL7lJ+sZAsrdQ+xgiwnWsHI/Xi4tYdG7oTWethFzb0tGvzYPlaEksew=="
    }
  },
  "dependencies": {
    "uview-ui": {
      "version": "1.8.4",
      "resolved": "https://registry.npmjs.org/uview-ui/-/uview-ui-1.8.4.tgz",
      "integrity": "sha512-Zr+D5dFdNy6CdHQLBEXeGq/w0LkjxzBtsgaaDwLl0P58g67H7fBBDvy6AzWK/k0c7dwPYMBiK7I4Tr9p92+0DA=="
    },
    "vue-awesome-countdown": {
      "version": "1.1.4",
      "resolved": "https://registry.npmjs.org/vue-awesome-countdown/-/vue-awesome-countdown-1.1.4.tgz",
      "integrity": "sha512-joc59fMzEoOMqJZnmqRDD8ROcT+LfanqL7lJ+sZAsrdQ+xgiwnWsHI/Xi4tYdG7oTWethFzb0tGvzYPlaEksew=="
    }
  }
}
